// !$*UTF8*$!
{
	archiveVersion = 1;
	classes = {
	};
	objectVersion = 48;
	objects = {

/* Begin PBXBuildFile section */
		695080F51FD9FCC4008F1AF7 /* Mocks.swift in Sources */ = {isa = PBXBuildFile; fileRef = 695080F41FD9FCC4008F1AF7 /* Mocks.swift */; };
		695080F61FD9FCE2008F1AF7 /* MockingURLProtocol.swift in Sources */ = {isa = PBXBuildFile; fileRef = 695080F21FD9FB08008F1AF7 /* MockingURLProtocol.swift */; };
		696774AD1FDA002800738AFE /* people.json in Resources */ = {isa = PBXBuildFile; fileRef = 696774AC1FDA002800738AFE /* people.json */; };
		696774AF1FDA005300738AFE /* MockPetAPI.swift in Sources */ = {isa = PBXBuildFile; fileRef = 696774AE1FDA005300738AFE /* MockPetAPI.swift */; };
		6984AB311FDA44D900044E44 /* ViewModelTests.swift in Sources */ = {isa = PBXBuildFile; fileRef = 6984AB301FDA44D900044E44 /* ViewModelTests.swift */; };
		6984AB331FDA4E9800044E44 /* Repository.swift in Sources */ = {isa = PBXBuildFile; fileRef = 6984AB321FDA4E9800044E44 /* Repository.swift */; };
		69A4A7971FD95D5400B34BAD /* ViewModel.swift in Sources */ = {isa = PBXBuildFile; fileRef = 69A4A7961FD95D5400B34BAD /* ViewModel.swift */; };
		69A4A7991FD95E8D00B34BAD /* BusinessLogic.swift in Sources */ = {isa = PBXBuildFile; fileRef = 69A4A7981FD95E8D00B34BAD /* BusinessLogic.swift */; };
		69A4A79D1FD95F2C00B34BAD /* Model.swift in Sources */ = {isa = PBXBuildFile; fileRef = 69A4A79C1FD95F2C00B34BAD /* Model.swift */; };
		69CF8F371FDA127B001E8846 /* PeoplePetCollectionViewController.swift in Sources */ = {isa = PBXBuildFile; fileRef = 69CF8F361FDA127B001E8846 /* PeoplePetCollectionViewController.swift */; };
		69DBB5891FD92A4A00499A9D /* AppDelegate.swift in Sources */ = {isa = PBXBuildFile; fileRef = 69DBB5881FD92A4A00499A9D /* AppDelegate.swift */; };
		69DBB58E1FD92A4A00499A9D /* Main.storyboard in Resources */ = {isa = PBXBuildFile; fileRef = 69DBB58C1FD92A4A00499A9D /* Main.storyboard */; };
		69DBB5901FD92A4A00499A9D /* Assets.xcassets in Resources */ = {isa = PBXBuildFile; fileRef = 69DBB58F1FD92A4A00499A9D /* Assets.xcassets */; };
		69DBB5931FD92A4A00499A9D /* LaunchScreen.storyboard in Resources */ = {isa = PBXBuildFile; fileRef = 69DBB5911FD92A4A00499A9D /* LaunchScreen.storyboard */; };
		69DBB59E1FD92A4A00499A9D /* PeoplePetProjectTests.swift in Sources */ = {isa = PBXBuildFile; fileRef = 69DBB59D1FD92A4A00499A9D /* PeoplePetProjectTests.swift */; };
		69DBB5A91FD92A4A00499A9D /* PeoplePetProjectUITests.swift in Sources */ = {isa = PBXBuildFile; fileRef = 69DBB5A81FD92A4A00499A9D /* PeoplePetProjectUITests.swift */; };
		948685A2B0068960FF223E31 /* Pods_PeoplePetProjectUITests.framework in Frameworks */ = {isa = PBXBuildFile; fileRef = 3DBCF436EA121DE6E4D484FA /* Pods_PeoplePetProjectUITests.framework */; };
		AB02F20B42226582F44EF805 /* Pods_PeoplePetProject.framework in Frameworks */ = {isa = PBXBuildFile; fileRef = 98EA4312992BC5C92D8C00E7 /* Pods_PeoplePetProject.framework */; };
		C14F61D65B4C4EFEE043622C /* Pods_PeoplePetProjectTests.framework in Frameworks */ = {isa = PBXBuildFile; fileRef = 5DFC426FAE531A8192B2EC27 /* Pods_PeoplePetProjectTests.framework */; };
/* End PBXBuildFile section */

/* Begin PBXContainerItemProxy section */
		69DBB59A1FD92A4A00499A9D /* PBXContainerItemProxy */ = {
			isa = PBXContainerItemProxy;
			containerPortal = 69DBB57D1FD92A4A00499A9D /* Project object */;
			proxyType = 1;
			remoteGlobalIDString = 69DBB5841FD92A4A00499A9D;
			remoteInfo = PeoplePetProject;
		};
		69DBB5A51FD92A4A00499A9D /* PBXContainerItemProxy */ = {
			isa = PBXContainerItemProxy;
			containerPortal = 69DBB57D1FD92A4A00499A9D /* Project object */;
			proxyType = 1;
			remoteGlobalIDString = 69DBB5841FD92A4A00499A9D;
			remoteInfo = PeoplePetProject;
		};
/* End PBXContainerItemProxy section */

/* Begin PBXFileReference section */
		1108CD2E6B137B8A2892EBC3 /* Pods-PeoplePetProject.debug.xcconfig */ = {isa = PBXFileReference; includeInIndex = 1; lastKnownFileType = text.xcconfig; name = "Pods-PeoplePetProject.debug.xcconfig"; path = "Pods/Target Support Files/Pods-PeoplePetProject/Pods-PeoplePetProject.debug.xcconfig"; sourceTree = "<group>"; };
		23F215FDD2769EAC7B19455C /* Pods-PeoplePetProjectUITests.release.xcconfig */ = {isa = PBXFileReference; includeInIndex = 1; lastKnownFileType = text.xcconfig; name = "Pods-PeoplePetProjectUITests.release.xcconfig"; path = "Pods/Target Support Files/Pods-PeoplePetProjectUITests/Pods-PeoplePetProjectUITests.release.xcconfig"; sourceTree = "<group>"; };
		2D36A8A5058796AFA8674C50 /* Pods-PeoplePetProject.release.xcconfig */ = {isa = PBXFileReference; includeInIndex = 1; lastKnownFileType = text.xcconfig; name = "Pods-PeoplePetProject.release.xcconfig"; path = "Pods/Target Support Files/Pods-PeoplePetProject/Pods-PeoplePetProject.release.xcconfig"; sourceTree = "<group>"; };
		3382E9037AC120EB79A61E4C /* Pods-PeoplePetProjectTests.debug.xcconfig */ = {isa = PBXFileReference; includeInIndex = 1; lastKnownFileType = text.xcconfig; name = "Pods-PeoplePetProjectTests.debug.xcconfig"; path = "Pods/Target Support Files/Pods-PeoplePetProjectTests/Pods-PeoplePetProjectTests.debug.xcconfig"; sourceTree = "<group>"; };
		3DBCF436EA121DE6E4D484FA /* Pods_PeoplePetProjectUITests.framework */ = {isa = PBXFileReference; explicitFileType = wrapper.framework; includeInIndex = 0; path = Pods_PeoplePetProjectUITests.framework; sourceTree = BUILT_PRODUCTS_DIR; };
		4EE1B1A18DC9AA2E2FECE86F /* Pods-PeoplePetProjectTests.release.xcconfig */ = {isa = PBXFileReference; includeInIndex = 1; lastKnownFileType = text.xcconfig; name = "Pods-PeoplePetProjectTests.release.xcconfig"; path = "Pods/Target Support Files/Pods-PeoplePetProjectTests/Pods-PeoplePetProjectTests.release.xcconfig"; sourceTree = "<group>"; };
		5DFC426FAE531A8192B2EC27 /* Pods_PeoplePetProjectTests.framework */ = {isa = PBXFileReference; explicitFileType = wrapper.framework; includeInIndex = 0; path = Pods_PeoplePetProjectTests.framework; sourceTree = BUILT_PRODUCTS_DIR; };
		695080F21FD9FB08008F1AF7 /* MockingURLProtocol.swift */ = {isa = PBXFileReference; lastKnownFileType = sourcecode.swift; path = MockingURLProtocol.swift; sourceTree = "<group>"; };
		695080F41FD9FCC4008F1AF7 /* Mocks.swift */ = {isa = PBXFileReference; lastKnownFileType = sourcecode.swift; path = Mocks.swift; sourceTree = "<group>"; };
		696774AC1FDA002800738AFE /* people.json */ = {isa = PBXFileReference; lastKnownFileType = text.json; path = people.json; sourceTree = "<group>"; };
		696774AE1FDA005300738AFE /* MockPetAPI.swift */ = {isa = PBXFileReference; lastKnownFileType = sourcecode.swift; path = MockPetAPI.swift; sourceTree = "<group>"; };
		6984AB301FDA44D900044E44 /* ViewModelTests.swift */ = {isa = PBXFileReference; lastKnownFileType = sourcecode.swift; path = ViewModelTests.swift; sourceTree = "<group>"; };
		6984AB321FDA4E9800044E44 /* Repository.swift */ = {isa = PBXFileReference; lastKnownFileType = sourcecode.swift; path = Repository.swift; sourceTree = "<group>"; };
		69A4A7961FD95D5400B34BAD /* ViewModel.swift */ = {isa = PBXFileReference; lastKnownFileType = sourcecode.swift; path = ViewModel.swift; sourceTree = "<group>"; };
		69A4A7981FD95E8D00B34BAD /* BusinessLogic.swift */ = {isa = PBXFileReference; lastKnownFileType = sourcecode.swift; path = BusinessLogic.swift; sourceTree = "<group>"; };
		69A4A79C1FD95F2C00B34BAD /* Model.swift */ = {isa = PBXFileReference; lastKnownFileType = sourcecode.swift; path = Model.swift; sourceTree = "<group>"; };
		69CF8F361FDA127B001E8846 /* PeoplePetCollectionViewController.swift */ = {isa = PBXFileReference; lastKnownFileType = sourcecode.swift; path = PeoplePetCollectionViewController.swift; sourceTree = "<group>"; };
		69DBB5851FD92A4A00499A9D /* PeoplePetProject.app */ = {isa = PBXFileReference; explicitFileType = wrapper.application; includeInIndex = 0; path = PeoplePetProject.app; sourceTree = BUILT_PRODUCTS_DIR; };
		69DBB5881FD92A4A00499A9D /* AppDelegate.swift */ = {isa = PBXFileReference; lastKnownFileType = sourcecode.swift; path = AppDelegate.swift; sourceTree = "<group>"; };
		69DBB58D1FD92A4A00499A9D /* Base */ = {isa = PBXFileReference; lastKnownFileType = file.storyboard; name = Base; path = Base.lproj/Main.storyboard; sourceTree = "<group>"; };
		69DBB58F1FD92A4A00499A9D /* Assets.xcassets */ = {isa = PBXFileReference; lastKnownFileType = folder.assetcatalog; path = Assets.xcassets; sourceTree = "<group>"; };
		69DBB5921FD92A4A00499A9D /* Base */ = {isa = PBXFileReference; lastKnownFileType = file.storyboard; name = Base; path = Base.lproj/LaunchScreen.storyboard; sourceTree = "<group>"; };
		69DBB5941FD92A4A00499A9D /* Info.plist */ = {isa = PBXFileReference; lastKnownFileType = text.plist.xml; path = Info.plist; sourceTree = "<group>"; };
		69DBB5991FD92A4A00499A9D /* PeoplePetProjectTests.xctest */ = {isa = PBXFileReference; explicitFileType = wrapper.cfbundle; includeInIndex = 0; path = PeoplePetProjectTests.xctest; sourceTree = BUILT_PRODUCTS_DIR; };
		69DBB59D1FD92A4A00499A9D /* PeoplePetProjectTests.swift */ = {isa = PBXFileReference; lastKnownFileType = sourcecode.swift; path = PeoplePetProjectTests.swift; sourceTree = "<group>"; };
		69DBB59F1FD92A4A00499A9D /* Info.plist */ = {isa = PBXFileReference; lastKnownFileType = text.plist.xml; path = Info.plist; sourceTree = "<group>"; };
		69DBB5A41FD92A4A00499A9D /* PeoplePetProjectUITests.xctest */ = {isa = PBXFileReference; explicitFileType = wrapper.cfbundle; includeInIndex = 0; path = PeoplePetProjectUITests.xctest; sourceTree = BUILT_PRODUCTS_DIR; };
		69DBB5A81FD92A4A00499A9D /* PeoplePetProjectUITests.swift */ = {isa = PBXFileReference; lastKnownFileType = sourcecode.swift; path = PeoplePetProjectUITests.swift; sourceTree = "<group>"; };
		69DBB5AA1FD92A4A00499A9D /* Info.plist */ = {isa = PBXFileReference; lastKnownFileType = text.plist.xml; path = Info.plist; sourceTree = "<group>"; };
		98EA4312992BC5C92D8C00E7 /* Pods_PeoplePetProject.framework */ = {isa = PBXFileReference; explicitFileType = wrapper.framework; includeInIndex = 0; path = Pods_PeoplePetProject.framework; sourceTree = BUILT_PRODUCTS_DIR; };
		B0AD881DBEA537FB3FB45340 /* Pods-PeoplePetProjectUITests.debug.xcconfig */ = {isa = PBXFileReference; includeInIndex = 1; lastKnownFileType = text.xcconfig; name = "Pods-PeoplePetProjectUITests.debug.xcconfig"; path = "Pods/Target Support Files/Pods-PeoplePetProjectUITests/Pods-PeoplePetProjectUITests.debug.xcconfig"; sourceTree = "<group>"; };
/* End PBXFileReference section */

/* Begin PBXFrameworksBuildPhase section */
		69DBB5821FD92A4A00499A9D /* Frameworks */ = {
			isa = PBXFrameworksBuildPhase;
			buildActionMask = 2147483647;
			files = (
				AB02F20B42226582F44EF805 /* Pods_PeoplePetProject.framework in Frameworks */,
			);
			runOnlyForDeploymentPostprocessing = 0;
		};
		69DBB5961FD92A4A00499A9D /* Frameworks */ = {
			isa = PBXFrameworksBuildPhase;
			buildActionMask = 2147483647;
			files = (
				C14F61D65B4C4EFEE043622C /* Pods_PeoplePetProjectTests.framework in Frameworks */,
			);
			runOnlyForDeploymentPostprocessing = 0;
		};
		69DBB5A11FD92A4A00499A9D /* Frameworks */ = {
			isa = PBXFrameworksBuildPhase;
			buildActionMask = 2147483647;
			files = (
				948685A2B0068960FF223E31 /* Pods_PeoplePetProjectUITests.framework in Frameworks */,
			);
			runOnlyForDeploymentPostprocessing = 0;
		};
/* End PBXFrameworksBuildPhase section */

/* Begin PBXGroup section */
		69DBB57C1FD92A4A00499A9D = {
			isa = PBXGroup;
			children = (
				69DBB5871FD92A4A00499A9D /* PeoplePetProject */,
				69DBB59C1FD92A4A00499A9D /* PeoplePetProjectTests */,
				69DBB5A71FD92A4A00499A9D /* PeoplePetProjectUITests */,
				69DBB5861FD92A4A00499A9D /* Products */,
				FD2F214F44D833740EC977EF /* Pods */,
				F3FD20F6F893012A8A9F5C7F /* Frameworks */,
			);
			sourceTree = "<group>";
		};
		69DBB5861FD92A4A00499A9D /* Products */ = {
			isa = PBXGroup;
			children = (
				69DBB5851FD92A4A00499A9D /* PeoplePetProject.app */,
				69DBB5991FD92A4A00499A9D /* PeoplePetProjectTests.xctest */,
				69DBB5A41FD92A4A00499A9D /* PeoplePetProjectUITests.xctest */,
			);
			name = Products;
			sourceTree = "<group>";
		};
		69DBB5871FD92A4A00499A9D /* PeoplePetProject */ = {
			isa = PBXGroup;
			children = (
				69DBB5881FD92A4A00499A9D /* AppDelegate.swift */,
				69A4A79C1FD95F2C00B34BAD /* Model.swift */,
				69A4A7961FD95D5400B34BAD /* ViewModel.swift */,
				6984AB321FDA4E9800044E44 /* Repository.swift */,
				69A4A7981FD95E8D00B34BAD /* BusinessLogic.swift */,
				69CF8F361FDA127B001E8846 /* PeoplePetCollectionViewController.swift */,
				69DBB58C1FD92A4A00499A9D /* Main.storyboard */,
				69DBB58F1FD92A4A00499A9D /* Assets.xcassets */,
				69DBB5911FD92A4A00499A9D /* LaunchScreen.storyboard */,
				69DBB5941FD92A4A00499A9D /* Info.plist */,
			);
			path = PeoplePetProject;
			sourceTree = "<group>";
		};
		69DBB59C1FD92A4A00499A9D /* PeoplePetProjectTests */ = {
			isa = PBXGroup;
			children = (
				69DBB59D1FD92A4A00499A9D /* PeoplePetProjectTests.swift */,
				6984AB301FDA44D900044E44 /* ViewModelTests.swift */,
				695080F41FD9FCC4008F1AF7 /* Mocks.swift */,
				695080F21FD9FB08008F1AF7 /* MockingURLProtocol.swift */,
				696774AE1FDA005300738AFE /* MockPetAPI.swift */,
				696774AC1FDA002800738AFE /* people.json */,
				69DBB59F1FD92A4A00499A9D /* Info.plist */,
			);
			path = PeoplePetProjectTests;
			sourceTree = "<group>";
		};
		69DBB5A71FD92A4A00499A9D /* PeoplePetProjectUITests */ = {
			isa = PBXGroup;
			children = (
				69DBB5A81FD92A4A00499A9D /* PeoplePetProjectUITests.swift */,
				69DBB5AA1FD92A4A00499A9D /* Info.plist */,
			);
			path = PeoplePetProjectUITests;
			sourceTree = "<group>";
		};
		F3FD20F6F893012A8A9F5C7F /* Frameworks */ = {
			isa = PBXGroup;
			children = (
				98EA4312992BC5C92D8C00E7 /* Pods_PeoplePetProject.framework */,
				5DFC426FAE531A8192B2EC27 /* Pods_PeoplePetProjectTests.framework */,
				3DBCF436EA121DE6E4D484FA /* Pods_PeoplePetProjectUITests.framework */,
			);
			name = Frameworks;
			sourceTree = "<group>";
		};
		FD2F214F44D833740EC977EF /* Pods */ = {
			isa = PBXGroup;
			children = (
				1108CD2E6B137B8A2892EBC3 /* Pods-PeoplePetProject.debug.xcconfig */,
				2D36A8A5058796AFA8674C50 /* Pods-PeoplePetProject.release.xcconfig */,
				3382E9037AC120EB79A61E4C /* Pods-PeoplePetProjectTests.debug.xcconfig */,
				4EE1B1A18DC9AA2E2FECE86F /* Pods-PeoplePetProjectTests.release.xcconfig */,
				B0AD881DBEA537FB3FB45340 /* Pods-PeoplePetProjectUITests.debug.xcconfig */,
				23F215FDD2769EAC7B19455C /* Pods-PeoplePetProjectUITests.release.xcconfig */,
			);
			name = Pods;
			sourceTree = "<group>";
		};
/* End PBXGroup section */

/* Begin PBXNativeTarget section */
		69DBB5841FD92A4A00499A9D /* PeoplePetProject */ = {
			isa = PBXNativeTarget;
			buildConfigurationList = 69DBB5AD1FD92A4A00499A9D /* Build configuration list for PBXNativeTarget "PeoplePetProject" */;
			buildPhases = (
				25BB8EBC4813351F5FC6C762 /* [CP] Check Pods Manifest.lock */,
				69DBB5811FD92A4A00499A9D /* Sources */,
				69DBB5821FD92A4A00499A9D /* Frameworks */,
				69DBB5831FD92A4A00499A9D /* Resources */,
				3A28CA341E8EA605A86E86AE /* [CP] Embed Pods Frameworks */,
				466C182B025DC036B7EFEF74 /* [CP] Copy Pods Resources */,
			);
			buildRules = (
			);
			dependencies = (
			);
			name = PeoplePetProject;
			productName = PeoplePetProject;
			productReference = 69DBB5851FD92A4A00499A9D /* PeoplePetProject.app */;
			productType = "com.apple.product-type.application";
		};
		69DBB5981FD92A4A00499A9D /* PeoplePetProjectTests */ = {
			isa = PBXNativeTarget;
			buildConfigurationList = 69DBB5B01FD92A4A00499A9D /* Build configuration list for PBXNativeTarget "PeoplePetProjectTests" */;
			buildPhases = (
				79375CE48BECA90E1CA5E834 /* [CP] Check Pods Manifest.lock */,
				69DBB5951FD92A4A00499A9D /* Sources */,
				69DBB5961FD92A4A00499A9D /* Frameworks */,
				69DBB5971FD92A4A00499A9D /* Resources */,
				118BB3EC002C00CACDB09D6C /* [CP] Embed Pods Frameworks */,
				20564288A26A83184F846A92 /* [CP] Copy Pods Resources */,
			);
			buildRules = (
			);
			dependencies = (
				69DBB59B1FD92A4A00499A9D /* PBXTargetDependency */,
			);
			name = PeoplePetProjectTests;
			productName = PeoplePetProjectTests;
			productReference = 69DBB5991FD92A4A00499A9D /* PeoplePetProjectTests.xctest */;
			productType = "com.apple.product-type.bundle.unit-test";
		};
		69DBB5A31FD92A4A00499A9D /* PeoplePetProjectUITests */ = {
			isa = PBXNativeTarget;
			buildConfigurationList = 69DBB5B31FD92A4A00499A9D /* Build configuration list for PBXNativeTarget "PeoplePetProjectUITests" */;
			buildPhases = (
				7A829709EF43ADE00BD0DB9E /* [CP] Check Pods Manifest.lock */,
				69DBB5A01FD92A4A00499A9D /* Sources */,
				69DBB5A11FD92A4A00499A9D /* Frameworks */,
				69DBB5A21FD92A4A00499A9D /* Resources */,
				82D362BFAEEB95A085CF67EC /* [CP] Embed Pods Frameworks */,
				D4938B8FACF18376A0E52138 /* [CP] Copy Pods Resources */,
			);
			buildRules = (
			);
			dependencies = (
				69DBB5A61FD92A4A00499A9D /* PBXTargetDependency */,
			);
			name = PeoplePetProjectUITests;
			productName = PeoplePetProjectUITests;
			productReference = 69DBB5A41FD92A4A00499A9D /* PeoplePetProjectUITests.xctest */;
			productType = "com.apple.product-type.bundle.ui-testing";
		};
/* End PBXNativeTarget section */

/* Begin PBXProject section */
		69DBB57D1FD92A4A00499A9D /* Project object */ = {
			isa = PBXProject;
			attributes = {
				LastSwiftUpdateCheck = 0900;
				LastUpgradeCheck = 0900;
				ORGANIZATIONNAME = "Shefali Mistry";
				TargetAttributes = {
					69DBB5841FD92A4A00499A9D = {
						CreatedOnToolsVersion = 9.0;
						ProvisioningStyle = Automatic;
					};
					69DBB5981FD92A4A00499A9D = {
						CreatedOnToolsVersion = 9.0;
						ProvisioningStyle = Automatic;
						TestTargetID = 69DBB5841FD92A4A00499A9D;
					};
					69DBB5A31FD92A4A00499A9D = {
						CreatedOnToolsVersion = 9.0;
						ProvisioningStyle = Automatic;
						TestTargetID = 69DBB5841FD92A4A00499A9D;
					};
				};
			};
			buildConfigurationList = 69DBB5801FD92A4A00499A9D /* Build configuration list for PBXProject "PeoplePetProject" */;
			compatibilityVersion = "Xcode 8.0";
			developmentRegion = en;
			hasScannedForEncodings = 0;
			knownRegions = (
				en,
				Base,
			);
			mainGroup = 69DBB57C1FD92A4A00499A9D;
			productRefGroup = 69DBB5861FD92A4A00499A9D /* Products */;
			projectDirPath = "";
			projectRoot = "";
			targets = (
				69DBB5841FD92A4A00499A9D /* PeoplePetProject */,
				69DBB5981FD92A4A00499A9D /* PeoplePetProjectTests */,
				69DBB5A31FD92A4A00499A9D /* PeoplePetProjectUITests */,
			);
		};
/* End PBXProject section */

/* Begin PBXResourcesBuildPhase section */
		69DBB5831FD92A4A00499A9D /* Resources */ = {
			isa = PBXResourcesBuildPhase;
			buildActionMask = 2147483647;
			files = (
				69DBB5931FD92A4A00499A9D /* LaunchScreen.storyboard in Resources */,
				69DBB5901FD92A4A00499A9D /* Assets.xcassets in Resources */,
				69DBB58E1FD92A4A00499A9D /* Main.storyboard in Resources */,
			);
			runOnlyForDeploymentPostprocessing = 0;
		};
		69DBB5971FD92A4A00499A9D /* Resources */ = {
			isa = PBXResourcesBuildPhase;
			buildActionMask = 2147483647;
			files = (
				696774AD1FDA002800738AFE /* people.json in Resources */,
			);
			runOnlyForDeploymentPostprocessing = 0;
		};
		69DBB5A21FD92A4A00499A9D /* Resources */ = {
			isa = PBXResourcesBuildPhase;
			buildActionMask = 2147483647;
			files = (
			);
			runOnlyForDeploymentPostprocessing = 0;
		};
/* End PBXResourcesBuildPhase section */

/* Begin PBXShellScriptBuildPhase section */
		118BB3EC002C00CACDB09D6C /* [CP] Embed Pods Frameworks */ = {
			isa = PBXShellScriptBuildPhase;
			buildActionMask = 2147483647;
			files = (
			);
			inputPaths = (
				"${SRCROOT}/Pods/Target Support Files/Pods-PeoplePetProjectTests/Pods-PeoplePetProjectTests-frameworks.sh",
				"${BUILT_PRODUCTS_DIR}/OHHTTPStubs/OHHTTPStubs.framework",
			);
			name = "[CP] Embed Pods Frameworks";
			outputPaths = (
				"${TARGET_BUILD_DIR}/${FRAMEWORKS_FOLDER_PATH}/OHHTTPStubs.framework",
			);
			runOnlyForDeploymentPostprocessing = 0;
			shellPath = /bin/sh;
			shellScript = "\"${SRCROOT}/Pods/Target Support Files/Pods-PeoplePetProjectTests/Pods-PeoplePetProjectTests-frameworks.sh\"\n";
			showEnvVarsInLog = 0;
		};
		20564288A26A83184F846A92 /* [CP] Copy Pods Resources */ = {
			isa = PBXShellScriptBuildPhase;
			buildActionMask = 2147483647;
			files = (
			);
			inputPaths = (
			);
			name = "[CP] Copy Pods Resources";
			outputPaths = (
			);
			runOnlyForDeploymentPostprocessing = 0;
			shellPath = /bin/sh;
			shellScript = "\"${SRCROOT}/Pods/Target Support Files/Pods-PeoplePetProjectTests/Pods-PeoplePetProjectTests-resources.sh\"\n";
			showEnvVarsInLog = 0;
		};
		25BB8EBC4813351F5FC6C762 /* [CP] Check Pods Manifest.lock */ = {
			isa = PBXShellScriptBuildPhase;
			buildActionMask = 2147483647;
			files = (
			);
			inputPaths = (
				"${PODS_PODFILE_DIR_PATH}/Podfile.lock",
				"${PODS_ROOT}/Manifest.lock",
			);
			name = "[CP] Check Pods Manifest.lock";
			outputPaths = (
				"$(DERIVED_FILE_DIR)/Pods-PeoplePetProject-checkManifestLockResult.txt",
			);
			runOnlyForDeploymentPostprocessing = 0;
			shellPath = /bin/sh;
			shellScript = "diff \"${PODS_PODFILE_DIR_PATH}/Podfile.lock\" \"${PODS_ROOT}/Manifest.lock\" > /dev/null\nif [ $? != 0 ] ; then\n    # print error to STDERR\n    echo \"error: The sandbox is not in sync with the Podfile.lock. Run 'pod install' or update your CocoaPods installation.\" >&2\n    exit 1\nfi\n# This output is used by Xcode 'outputs' to avoid re-running this script phase.\necho \"SUCCESS\" > \"${SCRIPT_OUTPUT_FILE_0}\"\n";
			showEnvVarsInLog = 0;
		};
		3A28CA341E8EA605A86E86AE /* [CP] Embed Pods Frameworks */ = {
			isa = PBXShellScriptBuildPhase;
			buildActionMask = 2147483647;
			files = (
			);
			inputPaths = (
				"${SRCROOT}/Pods/Target Support Files/Pods-PeoplePetProject/Pods-PeoplePetProject-frameworks.sh",
				"${BUILT_PRODUCTS_DIR}/Alamofire/Alamofire.framework",
				"${BUILT_PRODUCTS_DIR}/SwaggerClient/SwaggerClient.framework",
			);
			name = "[CP] Embed Pods Frameworks";
			outputPaths = (
				"${TARGET_BUILD_DIR}/${FRAMEWORKS_FOLDER_PATH}/Alamofire.framework",
				"${TARGET_BUILD_DIR}/${FRAMEWORKS_FOLDER_PATH}/SwaggerClient.framework",
			);
			runOnlyForDeploymentPostprocessing = 0;
			shellPath = /bin/sh;
			shellScript = "\"${SRCROOT}/Pods/Target Support Files/Pods-PeoplePetProject/Pods-PeoplePetProject-frameworks.sh\"\n";
			showEnvVarsInLog = 0;
		};
		466C182B025DC036B7EFEF74 /* [CP] Copy Pods Resources */ = {
			isa = PBXShellScriptBuildPhase;
			buildActionMask = 2147483647;
			files = (
			);
			inputPaths = (
			);
			name = "[CP] Copy Pods Resources";
			outputPaths = (
			);
			runOnlyForDeploymentPostprocessing = 0;
			shellPath = /bin/sh;
			shellScript = "\"${SRCROOT}/Pods/Target Support Files/Pods-PeoplePetProject/Pods-PeoplePetProject-resources.sh\"\n";
			showEnvVarsInLog = 0;
		};
		79375CE48BECA90E1CA5E834 /* [CP] Check Pods Manifest.lock */ = {
			isa = PBXShellScriptBuildPhase;
			buildActionMask = 2147483647;
			files = (
			);
			inputPaths = (
				"${PODS_PODFILE_DIR_PATH}/Podfile.lock",
				"${PODS_ROOT}/Manifest.lock",
			);
			name = "[CP] Check Pods Manifest.lock";
			outputPaths = (
				"$(DERIVED_FILE_DIR)/Pods-PeoplePetProjectTests-checkManifestLockResult.txt",
			);
			runOnlyForDeploymentPostprocessing = 0;
			shellPath = /bin/sh;
			shellScript = "diff \"${PODS_PODFILE_DIR_PATH}/Podfile.lock\" \"${PODS_ROOT}/Manifest.lock\" > /dev/null\nif [ $? != 0 ] ; then\n    # print error to STDERR\n    echo \"error: The sandbox is not in sync with the Podfile.lock. Run 'pod install' or update your CocoaPods installation.\" >&2\n    exit 1\nfi\n# This output is used by Xcode 'outputs' to avoid re-running this script phase.\necho \"SUCCESS\" > \"${SCRIPT_OUTPUT_FILE_0}\"\n";
			showEnvVarsInLog = 0;
		};
		7A829709EF43ADE00BD0DB9E /* [CP] Check Pods Manifest.lock */ = {
			isa = PBXShellScriptBuildPhase;
			buildActionMask = 2147483647;
			files = (
			);
			inputPaths = (
				"${PODS_PODFILE_DIR_PATH}/Podfile.lock",
				"${PODS_ROOT}/Manifest.lock",
			);
			name = "[CP] Check Pods Manifest.lock";
			outputPaths = (
				"$(DERIVED_FILE_DIR)/Pods-PeoplePetProjectUITests-checkManifestLockResult.txt",
			);
			runOnlyForDeploymentPostprocessing = 0;
			shellPath = /bin/sh;
			shellScript = "diff \"${PODS_PODFILE_DIR_PATH}/Podfile.lock\" \"${PODS_ROOT}/Manifest.lock\" > /dev/null\nif [ $? != 0 ] ; then\n    # print error to STDERR\n    echo \"error: The sandbox is not in sync with the Podfile.lock. Run 'pod install' or update your CocoaPods installation.\" >&2\n    exit 1\nfi\n# This output is used by Xcode 'outputs' to avoid re-running this script phase.\necho \"SUCCESS\" > \"${SCRIPT_OUTPUT_FILE_0}\"\n";
			showEnvVarsInLog = 0;
		};
		82D362BFAEEB95A085CF67EC /* [CP] Embed Pods Frameworks */ = {
			isa = PBXShellScriptBuildPhase;
			buildActionMask = 2147483647;
			files = (
			);
			inputPaths = (
			);
			name = "[CP] Embed Pods Frameworks";
			outputPaths = (
			);
			runOnlyForDeploymentPostprocessing = 0;
			shellPath = /bin/sh;
			shellScript = "\"${SRCROOT}/Pods/Target Support Files/Pods-PeoplePetProjectUITests/Pods-PeoplePetProjectUITests-frameworks.sh\"\n";
			showEnvVarsInLog = 0;
		};
		D4938B8FACF18376A0E52138 /* [CP] Copy Pods Resources */ = {
			isa = PBXShellScriptBuildPhase;
			buildActionMask = 2147483647;
			files = (
			);
			inputPaths = (
			);
			name = "[CP] Copy Pods Resources";
			outputPaths = (
			);
			runOnlyForDeploymentPostprocessing = 0;
			shellPath = /bin/sh;
			shellScript = "\"${SRCROOT}/Pods/Target Support Files/Pods-PeoplePetProjectUITests/Pods-PeoplePetProjectUITests-resources.sh\"\n";
			showEnvVarsInLog = 0;
		};
/* End PBXShellScriptBuildPhase section */

/* Begin PBXSourcesBuildPhase section */
		69DBB5811FD92A4A00499A9D /* Sources */ = {
			isa = PBXSourcesBuildPhase;
			buildActionMask = 2147483647;
			files = (
				69A4A7991FD95E8D00B34BAD /* BusinessLogic.swift in Sources */,
				69A4A7971FD95D5400B34BAD /* ViewModel.swift in Sources */,
				69CF8F371FDA127B001E8846 /* PeoplePetCollectionViewController.swift in Sources */,
				69A4A79D1FD95F2C00B34BAD /* Model.swift in Sources */,
				69DBB5891FD92A4A00499A9D /* AppDelegate.swift in Sources */,
				6984AB331FDA4E9800044E44 /* Repository.swift in Sources */,
			);
			runOnlyForDeploymentPostprocessing = 0;
		};
		69DBB5951FD92A4A00499A9D /* Sources */ = {
			isa = PBXSourcesBuildPhase;
			buildActionMask = 2147483647;
			files = (
				696774AF1FDA005300738AFE /* MockPetAPI.swift in Sources */,
				69DBB59E1FD92A4A00499A9D /* PeoplePetProjectTests.swift in Sources */,
				6984AB311FDA44D900044E44 /* ViewModelTests.swift in Sources */,
				695080F51FD9FCC4008F1AF7 /* Mocks.swift in Sources */,
				695080F61FD9FCE2008F1AF7 /* MockingURLProtocol.swift in Sources */,
			);
			runOnlyForDeploymentPostprocessing = 0;
		};
		69DBB5A01FD92A4A00499A9D /* Sources */ = {
			isa = PBXSourcesBuildPhase;
			buildActionMask = 2147483647;
			files = (
				69DBB5A91FD92A4A00499A9D /* PeoplePetProjectUITests.swift in Sources */,
			);
			runOnlyForDeploymentPostprocessing = 0;
		};
/* End PBXSourcesBuildPhase section */

/* Begin PBXTargetDependency section */
		69DBB59B1FD92A4A00499A9D /* PBXTargetDependency */ = {
			isa = PBXTargetDependency;
			target = 69DBB5841FD92A4A00499A9D /* PeoplePetProject */;
			targetProxy = 69DBB59A1FD92A4A00499A9D /* PBXContainerItemProxy */;
		};
		69DBB5A61FD92A4A00499A9D /* PBXTargetDependency */ = {
			isa = PBXTargetDependency;
			target = 69DBB5841FD92A4A00499A9D /* PeoplePetProject */;
			targetProxy = 69DBB5A51FD92A4A00499A9D /* PBXContainerItemProxy */;
		};
/* End PBXTargetDependency section */

/* Begin PBXVariantGroup section */
		69DBB58C1FD92A4A00499A9D /* Main.storyboard */ = {
			isa = PBXVariantGroup;
			children = (
				69DBB58D1FD92A4A00499A9D /* Base */,
			);
			name = Main.storyboard;
			sourceTree = "<group>";
		};
		69DBB5911FD92A4A00499A9D /* LaunchScreen.storyboard */ = {
			isa = PBXVariantGroup;
			children = (
				69DBB5921FD92A4A00499A9D /* Base */,
			);
			name = LaunchScreen.storyboard;
			sourceTree = "<group>";
		};
/* End PBXVariantGroup section */

/* Begin XCBuildConfiguration section */
		69DBB5AB1FD92A4A00499A9D /* Debug */ = {
			isa = XCBuildConfiguration;
			buildSettings = {
				ALWAYS_SEARCH_USER_PATHS = NO;
				CLANG_ANALYZER_NONNULL = YES;
				CLANG_ANALYZER_NUMBER_OBJECT_CONVERSION = YES_AGGRESSIVE;
				CLANG_CXX_LANGUAGE_STANDARD = "gnu++14";
				CLANG_CXX_LIBRARY = "libc++";
				CLANG_ENABLE_MODULES = YES;
				CLANG_ENABLE_OBJC_ARC = YES;
				CLANG_WARN_BLOCK_CAPTURE_AUTORELEASING = YES;
				CLANG_WARN_BOOL_CONVERSION = YES;
				CLANG_WARN_COMMA = YES;
				CLANG_WARN_CONSTANT_CONVERSION = YES;
				CLANG_WARN_DIRECT_OBJC_ISA_USAGE = YES_ERROR;
				CLANG_WARN_DOCUMENTATION_COMMENTS = YES;
				CLANG_WARN_EMPTY_BODY = YES;
				CLANG_WARN_ENUM_CONVERSION = YES;
				CLANG_WARN_INFINITE_RECURSION = YES;
				CLANG_WARN_INT_CONVERSION = YES;
				CLANG_WARN_NON_LITERAL_NULL_CONVERSION = YES;
				CLANG_WARN_OBJC_LITERAL_CONVERSION = YES;
				CLANG_WARN_OBJC_ROOT_CLASS = YES_ERROR;
				CLANG_WARN_RANGE_LOOP_ANALYSIS = YES;
				CLANG_WARN_STRICT_PROTOTYPES = YES;
				CLANG_WARN_SUSPICIOUS_MOVE = YES;
				CLANG_WARN_UNGUARDED_AVAILABILITY = YES_AGGRESSIVE;
				CLANG_WARN_UNREACHABLE_CODE = YES;
				CLANG_WARN__DUPLICATE_METHOD_MATCH = YES;
				CODE_SIGN_IDENTITY = "iPhone Developer";
				COPY_PHASE_STRIP = NO;
				DEBUG_INFORMATION_FORMAT = dwarf;
				ENABLE_STRICT_OBJC_MSGSEND = YES;
				ENABLE_TESTABILITY = YES;
				GCC_C_LANGUAGE_STANDARD = gnu11;
				GCC_DYNAMIC_NO_PIC = NO;
				GCC_NO_COMMON_BLOCKS = YES;
				GCC_OPTIMIZATION_LEVEL = 0;
				GCC_PREPROCESSOR_DEFINITIONS = (
					"DEBUG=1",
					"$(inherited)",
				);
				GCC_WARN_64_TO_32_BIT_CONVERSION = YES;
				GCC_WARN_ABOUT_RETURN_TYPE = YES_ERROR;
				GCC_WARN_UNDECLARED_SELECTOR = YES;
				GCC_WARN_UNINITIALIZED_AUTOS = YES_AGGRESSIVE;
				GCC_WARN_UNUSED_FUNCTION = YES;
				GCC_WARN_UNUSED_VARIABLE = YES;
				IPHONEOS_DEPLOYMENT_TARGET = 11.0;
				MTL_ENABLE_DEBUG_INFO = YES;
				ONLY_ACTIVE_ARCH = YES;
				SDKROOT = iphoneos;
				SWIFT_ACTIVE_COMPILATION_CONDITIONS = DEBUG;
				SWIFT_OPTIMIZATION_LEVEL = "-Onone";
			};
			name = Debug;
		};
		69DBB5AC1FD92A4A00499A9D /* Release */ = {
			isa = XCBuildConfiguration;
			buildSettings = {
				ALWAYS_SEARCH_USER_PATHS = NO;
				CLANG_ANALYZER_NONNULL = YES;
				CLANG_ANALYZER_NUMBER_OBJECT_CONVERSION = YES_AGGRESSIVE;
				CLANG_CXX_LANGUAGE_STANDARD = "gnu++14";
				CLANG_CXX_LIBRARY = "libc++";
				CLANG_ENABLE_MODULES = YES;
				CLANG_ENABLE_OBJC_ARC = YES;
				CLANG_WARN_BLOCK_CAPTURE_AUTORELEASING = YES;
				CLANG_WARN_BOOL_CONVERSION = YES;
				CLANG_WARN_COMMA = YES;
				CLANG_WARN_CONSTANT_CONVERSION = YES;
				CLANG_WARN_DIRECT_OBJC_ISA_USAGE = YES_ERROR;
				CLANG_WARN_DOCUMENTATION_COMMENTS = YES;
				CLANG_WARN_EMPTY_BODY = YES;
				CLANG_WARN_ENUM_CONVERSION = YES;
				CLANG_WARN_INFINITE_RECURSION = YES;
				CLANG_WARN_INT_CONVERSION = YES;
				CLANG_WARN_NON_LITERAL_NULL_CONVERSION = YES;
				CLANG_WARN_OBJC_LITERAL_CONVERSION = YES;
				CLANG_WARN_OBJC_ROOT_CLASS = YES_ERROR;
				CLANG_WARN_RANGE_LOOP_ANALYSIS = YES;
				CLANG_WARN_STRICT_PROTOTYPES = YES;
				CLANG_WARN_SUSPICIOUS_MOVE = YES;
				CLANG_WARN_UNGUARDED_AVAILABILITY = YES_AGGRESSIVE;
				CLANG_WARN_UNREACHABLE_CODE = YES;
				CLANG_WARN__DUPLICATE_METHOD_MATCH = YES;
				CODE_SIGN_IDENTITY = "iPhone Developer";
				COPY_PHASE_STRIP = NO;
				DEBUG_INFORMATION_FORMAT = "dwarf-with-dsym";
				ENABLE_NS_ASSERTIONS = NO;
				ENABLE_STRICT_OBJC_MSGSEND = YES;
				GCC_C_LANGUAGE_STANDARD = gnu11;
				GCC_NO_COMMON_BLOCKS = YES;
				GCC_WARN_64_TO_32_BIT_CONVERSION = YES;
				GCC_WARN_ABOUT_RETURN_TYPE = YES_ERROR;
				GCC_WARN_UNDECLARED_SELECTOR = YES;
				GCC_WARN_UNINITIALIZED_AUTOS = YES_AGGRESSIVE;
				GCC_WARN_UNUSED_FUNCTION = YES;
				GCC_WARN_UNUSED_VARIABLE = YES;
				IPHONEOS_DEPLOYMENT_TARGET = 11.0;
				MTL_ENABLE_DEBUG_INFO = NO;
				SDKROOT = iphoneos;
				SWIFT_OPTIMIZATION_LEVEL = "-Owholemodule";
				VALIDATE_PRODUCT = YES;
			};
			name = Release;
		};
		69DBB5AE1FD92A4A00499A9D /* Debug */ = {
			isa = XCBuildConfiguration;
			baseConfigurationReference = 1108CD2E6B137B8A2892EBC3 /* Pods-PeoplePetProject.debug.xcconfig */;
			buildSettings = {
				ASSETCATALOG_COMPILER_APPICON_NAME = AppIcon;
				CODE_SIGN_STYLE = Automatic;
				INFOPLIST_FILE = PeoplePetProject/Info.plist;
				LD_RUNPATH_SEARCH_PATHS = "$(inherited) @executable_path/Frameworks";
				PRODUCT_BUNDLE_IDENTIFIER = com.shefaliMistry.PeoplePetProject;
				PRODUCT_NAME = "$(TARGET_NAME)";
				SWIFT_VERSION = 4.0;
				TARGETED_DEVICE_FAMILY = "1,2";
			};
			name = Debug;
		};
		69DBB5AF1FD92A4A00499A9D /* Release */ = {
			isa = XCBuildConfiguration;
			baseConfigurationReference = 2D36A8A5058796AFA8674C50 /* Pods-PeoplePetProject.release.xcconfig */;
			buildSettings = {
				ASSETCATALOG_COMPILER_APPICON_NAME = AppIcon;
				CODE_SIGN_STYLE = Automatic;
				INFOPLIST_FILE = PeoplePetProject/Info.plist;
				LD_RUNPATH_SEARCH_PATHS = "$(inherited) @executable_path/Frameworks";
				PRODUCT_BUNDLE_IDENTIFIER = com.shefaliMistry.PeoplePetProject;
				PRODUCT_NAME = "$(TARGET_NAME)";
				SWIFT_VERSION = 4.0;
				TARGETED_DEVICE_FAMILY = "1,2";
			};
			name = Release;
		};
		69DBB5B11FD92A4A00499A9D /* Debug */ = {
			isa = XCBuildConfiguration;
			baseConfigurationReference = 3382E9037AC120EB79A61E4C /* Pods-PeoplePetProjectTests.debug.xcconfig */;
			buildSettings = {
				ALWAYS_EMBED_SWIFT_STANDARD_LIBRARIES = YES;
				BUNDLE_LOADER = "$(TEST_HOST)";
				CODE_SIGN_STYLE = Automatic;
				INFOPLIST_FILE = PeoplePetProjectTests/Info.plist;
				LD_RUNPATH_SEARCH_PATHS = "$(inherited) @executable_path/Frameworks @loader_path/Frameworks";
				PRODUCT_BUNDLE_IDENTIFIER = com.shefaliMistry.PeoplePetProjectTests;
				PRODUCT_NAME = "$(TARGET_NAME)";
				SWIFT_VERSION = 4.0;
				TARGETED_DEVICE_FAMILY = "1,2";
				TEST_HOST = "$(BUILT_PRODUCTS_DIR)/PeoplePetProject.app/PeoplePetProject";
			};
			name = Debug;
		};
		69DBB5B21FD92A4A00499A9D /* Release */ = {
			isa = XCBuildConfiguration;
			baseConfigurationReference = 4EE1B1A18DC9AA2E2FECE86F /* Pods-PeoplePetProjectTests.release.xcconfig */;
			buildSettings = {
				ALWAYS_EMBED_SWIFT_STANDARD_LIBRARIES = YES;
				BUNDLE_LOADER = "$(TEST_HOST)";
				CODE_SIGN_STYLE = Automatic;
				INFOPLIST_FILE = PeoplePetProjectTests/Info.plist;
				LD_RUNPATH_SEARCH_PATHS = "$(inherited) @executable_path/Frameworks @loader_path/Frameworks";
				PRODUCT_BUNDLE_IDENTIFIER = com.shefaliMistry.PeoplePetProjectTests;
				PRODUCT_NAME = "$(TARGET_NAME)";
				SWIFT_VERSION = 4.0;
				TARGETED_DEVICE_FAMILY = "1,2";
				TEST_HOST = "$(BUILT_PRODUCTS_DIR)/PeoplePetProject.app/PeoplePetProject";
			};
			name = Release;
		};
		69DBB5B41FD92A4A00499A9D /* Debug */ = {
			isa = XCBuildConfiguration;
			baseConfigurationReference = B0AD881DBEA537FB3FB45340 /* Pods-PeoplePetProjectUITests.debug.xcconfig */;
			buildSettings = {
				ALWAYS_EMBED_SWIFT_STANDARD_LIBRARIES = YES;
				CODE_SIGN_STYLE = Automatic;
				INFOPLIST_FILE = PeoplePetProjectUITests/Info.plist;
				LD_RUNPATH_SEARCH_PATHS = "$(inherited) @executable_path/Frameworks @loader_path/Frameworks";
				PRODUCT_BUNDLE_IDENTIFIER = com.shefaliMistry.PeoplePetProjectUITests;
				PRODUCT_NAME = "$(TARGET_NAME)";
				SWIFT_VERSION = 4.0;
				TARGETED_DEVICE_FAMILY = "1,2";
				TEST_TARGET_NAME = PeoplePetProject;
			};
			name = Debug;
		};
		69DBB5B51FD92A4A00499A9D /* Release */ = {
			isa = XCBuildConfiguration;
			baseConfigurationReference = 23F215FDD2769EAC7B19455C /* Pods-PeoplePetProjectUITests.release.xcconfig */;
			buildSettings = {
				ALWAYS_EMBED_SWIFT_STANDARD_LIBRARIES = YES;
				CODE_SIGN_STYLE = Automatic;
				INFOPLIST_FILE = PeoplePetProjectUITests/Info.plist;
				LD_RUNPATH_SEARCH_PATHS = "$(inherited) @executable_path/Frameworks @loader_path/Frameworks";
				PRODUCT_BUNDLE_IDENTIFIER = com.shefaliMistry.PeoplePetProjectUITests;
				PRODUCT_NAME = "$(TARGET_NAME)";
				SWIFT_VERSION = 4.0;
				TARGETED_DEVICE_FAMILY = "1,2";
				TEST_TARGET_NAME = PeoplePetProject;
			};
			name = Release;
		};
/* End XCBuildConfiguration section */

/* Begin XCConfigurationList section */
		69DBB5801FD92A4A00499A9D /* Build configuration list for PBXProject "PeoplePetProject" */ = {
			isa = XCConfigurationList;
			buildConfigurations = (
				69DBB5AB1FD92A4A00499A9D /* Debug */,
				69DBB5AC1FD92A4A00499A9D /* Release */,
			);
			defaultConfigurationIsVisible = 0;
			defaultConfigurationName = Release;
		};
		69DBB5AD1FD92A4A00499A9D /* Build configuration list for PBXNativeTarget "PeoplePetProject" */ = {
			isa = XCConfigurationList;
			buildConfigurations = (
				69DBB5AE1FD92A4A00499A9D /* Debug */,
				69DBB5AF1FD92A4A00499A9D /* Release */,
			);
			defaultConfigurationIsVisible = 0;
			defaultConfigurationName = Release;
		};
		69DBB5B01FD92A4A00499A9D /* Build configuration list for PBXNativeTarget "PeoplePetProjectTests" */ = {
			isa = XCConfigurationList;
			buildConfigurations = (
				69DBB5B11FD92A4A00499A9D /* Debug */,
				69DBB5B21FD92A4A00499A9D /* Release */,
			);
			defaultConfigurationIsVisible = 0;
			defaultConfigurationName = Release;
		};
		69DBB5B31FD92A4A00499A9D /* Build configuration list for PBXNativeTarget "PeoplePetProjectUITests" */ = {
			isa = XCConfigurationList;
			buildConfigurations = (
				69DBB5B41FD92A4A00499A9D /* Debug */,
				69DBB5B51FD92A4A00499A9D /* Release */,
			);
			defaultConfigurationIsVisible = 0;
			defaultConfigurationName = Release;
		};
/* End XCConfigurationList section */
	};
	rootObject = 69DBB57D1FD92A4A00499A9D /* Project object */;
}
