// !$*UTF8*$!
{
	archiveVersion = 1;
	classes = {
	};
	objectVersion = 48;
	objects = {

/* Begin PBXBuildFile section */
		1767FF04CF2509932D6989D3 /* Pods_PeoplePetProjectUITests.framework in Frameworks */ = {isa = PBXBuildFile; fileRef = 632F54D3680E87B7FB5CF56A /* Pods_PeoplePetProjectUITests.framework */; };
		692ED2C71FDA75BE00DC9B39 /* AppDelegate.swift in Sources */ = {isa = PBXBuildFile; fileRef = 692ED2C61FDA75BE00DC9B39 /* AppDelegate.swift */; };
		692ED2C91FDA75BE00DC9B39 /* ViewController.swift in Sources */ = {isa = PBXBuildFile; fileRef = 692ED2C81FDA75BE00DC9B39 /* ViewController.swift */; };
		692ED2CC1FDA75BE00DC9B39 /* Main.storyboard in Resources */ = {isa = PBXBuildFile; fileRef = 692ED2CA1FDA75BE00DC9B39 /* Main.storyboard */; };
		692ED2CE1FDA75BE00DC9B39 /* Assets.xcassets in Resources */ = {isa = PBXBuildFile; fileRef = 692ED2CD1FDA75BE00DC9B39 /* Assets.xcassets */; };
		692ED2D11FDA75BE00DC9B39 /* LaunchScreen.storyboard in Resources */ = {isa = PBXBuildFile; fileRef = 692ED2CF1FDA75BE00DC9B39 /* LaunchScreen.storyboard */; };
		692ED2DC1FDA75BE00DC9B39 /* PeoplePetProjectTests.swift in Sources */ = {isa = PBXBuildFile; fileRef = 692ED2DB1FDA75BE00DC9B39 /* PeoplePetProjectTests.swift */; };
		692ED2E71FDA75BE00DC9B39 /* PeoplePetProjectUITests.swift in Sources */ = {isa = PBXBuildFile; fileRef = 692ED2E61FDA75BE00DC9B39 /* PeoplePetProjectUITests.swift */; };
		8809E14646F105624458B1B1 /* Pods_PeoplePetProjectTests.framework in Frameworks */ = {isa = PBXBuildFile; fileRef = 7B38A82DDD19524CF3E7611C /* Pods_PeoplePetProjectTests.framework */; };
		94B6EE5AF0B0D33D22B59CA4 /* Pods_PeoplePetProject.framework in Frameworks */ = {isa = PBXBuildFile; fileRef = 2A1D26CAA6A1F558C7F5AB6B /* Pods_PeoplePetProject.framework */; };
/* End PBXBuildFile section */

/* Begin PBXContainerItemProxy section */
		692ED2D81FDA75BE00DC9B39 /* PBXContainerItemProxy */ = {
			isa = PBXContainerItemProxy;
			containerPortal = 692ED2BB1FDA75BE00DC9B39 /* Project object */;
			proxyType = 1;
			remoteGlobalIDString = 692ED2C21FDA75BE00DC9B39;
			remoteInfo = PeoplePetProject;
		};
		692ED2E31FDA75BE00DC9B39 /* PBXContainerItemProxy */ = {
			isa = PBXContainerItemProxy;
			containerPortal = 692ED2BB1FDA75BE00DC9B39 /* Project object */;
			proxyType = 1;
			remoteGlobalIDString = 692ED2C21FDA75BE00DC9B39;
			remoteInfo = PeoplePetProject;
		};
/* End PBXContainerItemProxy section */

/* Begin PBXFileReference section */
		0F872E429FFF962E456531B0 /* Pods-PeoplePetProject.release.xcconfig */ = {isa = PBXFileReference; includeInIndex = 1; lastKnownFileType = text.xcconfig; name = "Pods-PeoplePetProject.release.xcconfig"; path = "Pods/Target Support Files/Pods-PeoplePetProject/Pods-PeoplePetProject.release.xcconfig"; sourceTree = "<group>"; };
		24DB87C6C7666E96509BBFC5 /* Pods-PeoplePetProjectTests.debug.xcconfig */ = {isa = PBXFileReference; includeInIndex = 1; lastKnownFileType = text.xcconfig; name = "Pods-PeoplePetProjectTests.debug.xcconfig"; path = "Pods/Target Support Files/Pods-PeoplePetProjectTests/Pods-PeoplePetProjectTests.debug.xcconfig"; sourceTree = "<group>"; };
		2A1D26CAA6A1F558C7F5AB6B /* Pods_PeoplePetProject.framework */ = {isa = PBXFileReference; explicitFileType = wrapper.framework; includeInIndex = 0; path = Pods_PeoplePetProject.framework; sourceTree = BUILT_PRODUCTS_DIR; };
		380E41D040AE6E0D940FDA12 /* Pods-PeoplePetProjectUITests.debug.xcconfig */ = {isa = PBXFileReference; includeInIndex = 1; lastKnownFileType = text.xcconfig; name = "Pods-PeoplePetProjectUITests.debug.xcconfig"; path = "Pods/Target Support Files/Pods-PeoplePetProjectUITests/Pods-PeoplePetProjectUITests.debug.xcconfig"; sourceTree = "<group>"; };
		632F54D3680E87B7FB5CF56A /* Pods_PeoplePetProjectUITests.framework */ = {isa = PBXFileReference; explicitFileType = wrapper.framework; includeInIndex = 0; path = Pods_PeoplePetProjectUITests.framework; sourceTree = BUILT_PRODUCTS_DIR; };
		692ED2C31FDA75BE00DC9B39 /* PeoplePetProject.app */ = {isa = PBXFileReference; explicitFileType = wrapper.application; includeInIndex = 0; path = PeoplePetProject.app; sourceTree = BUILT_PRODUCTS_DIR; };
		692ED2C61FDA75BE00DC9B39 /* AppDelegate.swift */ = {isa = PBXFileReference; lastKnownFileType = sourcecode.swift; path = AppDelegate.swift; sourceTree = "<group>"; };
		692ED2C81FDA75BE00DC9B39 /* ViewController.swift */ = {isa = PBXFileReference; lastKnownFileType = sourcecode.swift; path = ViewController.swift; sourceTree = "<group>"; };
		692ED2CB1FDA75BE00DC9B39 /* Base */ = {isa = PBXFileReference; lastKnownFileType = file.storyboard; name = Base; path = Base.lproj/Main.storyboard; sourceTree = "<group>"; };
		692ED2CD1FDA75BE00DC9B39 /* Assets.xcassets */ = {isa = PBXFileReference; lastKnownFileType = folder.assetcatalog; path = Assets.xcassets; sourceTree = "<group>"; };
		692ED2D01FDA75BE00DC9B39 /* Base */ = {isa = PBXFileReference; lastKnownFileType = file.storyboard; name = Base; path = Base.lproj/LaunchScreen.storyboard; sourceTree = "<group>"; };
		692ED2D21FDA75BE00DC9B39 /* Info.plist */ = {isa = PBXFileReference; lastKnownFileType = text.plist.xml; path = Info.plist; sourceTree = "<group>"; };
		692ED2D71FDA75BE00DC9B39 /* PeoplePetProjectTests.xctest */ = {isa = PBXFileReference; explicitFileType = wrapper.cfbundle; includeInIndex = 0; path = PeoplePetProjectTests.xctest; sourceTree = BUILT_PRODUCTS_DIR; };
		692ED2DB1FDA75BE00DC9B39 /* PeoplePetProjectTests.swift */ = {isa = PBXFileReference; lastKnownFileType = sourcecode.swift; path = PeoplePetProjectTests.swift; sourceTree = "<group>"; };
		692ED2DD1FDA75BE00DC9B39 /* Info.plist */ = {isa = PBXFileReference; lastKnownFileType = text.plist.xml; path = Info.plist; sourceTree = "<group>"; };
		692ED2E21FDA75BE00DC9B39 /* PeoplePetProjectUITests.xctest */ = {isa = PBXFileReference; explicitFileType = wrapper.cfbundle; includeInIndex = 0; path = PeoplePetProjectUITests.xctest; sourceTree = BUILT_PRODUCTS_DIR; };
		692ED2E61FDA75BE00DC9B39 /* PeoplePetProjectUITests.swift */ = {isa = PBXFileReference; lastKnownFileType = sourcecode.swift; path = PeoplePetProjectUITests.swift; sourceTree = "<group>"; };
		692ED2E81FDA75BE00DC9B39 /* Info.plist */ = {isa = PBXFileReference; lastKnownFileType = text.plist.xml; path = Info.plist; sourceTree = "<group>"; };
		6B5D752BA1EA0B6A31D174E9 /* Pods-PeoplePetProjectUITests.release.xcconfig */ = {isa = PBXFileReference; includeInIndex = 1; lastKnownFileType = text.xcconfig; name = "Pods-PeoplePetProjectUITests.release.xcconfig"; path = "Pods/Target Support Files/Pods-PeoplePetProjectUITests/Pods-PeoplePetProjectUITests.release.xcconfig"; sourceTree = "<group>"; };
		7B38A82DDD19524CF3E7611C /* Pods_PeoplePetProjectTests.framework */ = {isa = PBXFileReference; explicitFileType = wrapper.framework; includeInIndex = 0; path = Pods_PeoplePetProjectTests.framework; sourceTree = BUILT_PRODUCTS_DIR; };
		7D2C15B0362899444B959821 /* Pods-PeoplePetProject.debug.xcconfig */ = {isa = PBXFileReference; includeInIndex = 1; lastKnownFileType = text.xcconfig; name = "Pods-PeoplePetProject.debug.xcconfig"; path = "Pods/Target Support Files/Pods-PeoplePetProject/Pods-PeoplePetProject.debug.xcconfig"; sourceTree = "<group>"; };
		E178CC62C9E16AB4766C749D /* Pods-PeoplePetProjectTests.release.xcconfig */ = {isa = PBXFileReference; includeInIndex = 1; lastKnownFileType = text.xcconfig; name = "Pods-PeoplePetProjectTests.release.xcconfig"; path = "Pods/Target Support Files/Pods-PeoplePetProjectTests/Pods-PeoplePetProjectTests.release.xcconfig"; sourceTree = "<group>"; };
/* End PBXFileReference section */

/* Begin PBXFrameworksBuildPhase section */
		692ED2C01FDA75BE00DC9B39 /* Frameworks */ = {
			isa = PBXFrameworksBuildPhase;
			buildActionMask = 2147483647;
			files = (
				94B6EE5AF0B0D33D22B59CA4 /* Pods_PeoplePetProject.framework in Frameworks */,
			);
			runOnlyForDeploymentPostprocessing = 0;
		};
		692ED2D41FDA75BE00DC9B39 /* Frameworks */ = {
			isa = PBXFrameworksBuildPhase;
			buildActionMask = 2147483647;
			files = (
				8809E14646F105624458B1B1 /* Pods_PeoplePetProjectTests.framework in Frameworks */,
			);
			runOnlyForDeploymentPostprocessing = 0;
		};
		692ED2DF1FDA75BE00DC9B39 /* Frameworks */ = {
			isa = PBXFrameworksBuildPhase;
			buildActionMask = 2147483647;
			files = (
				1767FF04CF2509932D6989D3 /* Pods_PeoplePetProjectUITests.framework in Frameworks */,
			);
			runOnlyForDeploymentPostprocessing = 0;
		};
/* End PBXFrameworksBuildPhase section */

/* Begin PBXGroup section */
		07A5DECBB207BF4931ACC9C4 /* Frameworks */ = {
			isa = PBXGroup;
			children = (
				2A1D26CAA6A1F558C7F5AB6B /* Pods_PeoplePetProject.framework */,
				7B38A82DDD19524CF3E7611C /* Pods_PeoplePetProjectTests.framework */,
				632F54D3680E87B7FB5CF56A /* Pods_PeoplePetProjectUITests.framework */,
			);
			name = Frameworks;
			sourceTree = "<group>";
		};
		172CDCADDB58CA5E202E4C8F /* Pods */ = {
			isa = PBXGroup;
			children = (
				7D2C15B0362899444B959821 /* Pods-PeoplePetProject.debug.xcconfig */,
				0F872E429FFF962E456531B0 /* Pods-PeoplePetProject.release.xcconfig */,
				24DB87C6C7666E96509BBFC5 /* Pods-PeoplePetProjectTests.debug.xcconfig */,
				E178CC62C9E16AB4766C749D /* Pods-PeoplePetProjectTests.release.xcconfig */,
				380E41D040AE6E0D940FDA12 /* Pods-PeoplePetProjectUITests.debug.xcconfig */,
				6B5D752BA1EA0B6A31D174E9 /* Pods-PeoplePetProjectUITests.release.xcconfig */,
			);
			name = Pods;
			sourceTree = "<group>";
		};
		692ED2BA1FDA75BE00DC9B39 = {
			isa = PBXGroup;
			children = (
				692ED2C51FDA75BE00DC9B39 /* PeoplePetProject */,
				692ED2DA1FDA75BE00DC9B39 /* PeoplePetProjectTests */,
				692ED2E51FDA75BE00DC9B39 /* PeoplePetProjectUITests */,
				692ED2C41FDA75BE00DC9B39 /* Products */,
				172CDCADDB58CA5E202E4C8F /* Pods */,
				07A5DECBB207BF4931ACC9C4 /* Frameworks */,
			);
			sourceTree = "<group>";
		};
		692ED2C41FDA75BE00DC9B39 /* Products */ = {
			isa = PBXGroup;
			children = (
				692ED2C31FDA75BE00DC9B39 /* PeoplePetProject.app */,
				692ED2D71FDA75BE00DC9B39 /* PeoplePetProjectTests.xctest */,
				692ED2E21FDA75BE00DC9B39 /* PeoplePetProjectUITests.xctest */,
			);
			name = Products;
			sourceTree = "<group>";
		};
		692ED2C51FDA75BE00DC9B39 /* PeoplePetProject */ = {
			isa = PBXGroup;
			children = (
				692ED2C61FDA75BE00DC9B39 /* AppDelegate.swift */,
				692ED2C81FDA75BE00DC9B39 /* ViewController.swift */,
				692ED2CA1FDA75BE00DC9B39 /* Main.storyboard */,
				692ED2CD1FDA75BE00DC9B39 /* Assets.xcassets */,
				692ED2CF1FDA75BE00DC9B39 /* LaunchScreen.storyboard */,
				692ED2D21FDA75BE00DC9B39 /* Info.plist */,
			);
			path = PeoplePetProject;
			sourceTree = "<group>";
		};
		692ED2DA1FDA75BE00DC9B39 /* PeoplePetProjectTests */ = {
			isa = PBXGroup;
			children = (
				692ED2DB1FDA75BE00DC9B39 /* PeoplePetProjectTests.swift */,
				692ED2DD1FDA75BE00DC9B39 /* Info.plist */,
			);
			path = PeoplePetProjectTests;
			sourceTree = "<group>";
		};
		692ED2E51FDA75BE00DC9B39 /* PeoplePetProjectUITests */ = {
			isa = PBXGroup;
			children = (
				692ED2E61FDA75BE00DC9B39 /* PeoplePetProjectUITests.swift */,
				692ED2E81FDA75BE00DC9B39 /* Info.plist */,
			);
			path = PeoplePetProjectUITests;
			sourceTree = "<group>";
		};
/* End PBXGroup section */

/* Begin PBXNativeTarget section */
		692ED2C21FDA75BE00DC9B39 /* PeoplePetProject */ = {
			isa = PBXNativeTarget;
			buildConfigurationList = 692ED2EB1FDA75BE00DC9B39 /* Build configuration list for PBXNativeTarget "PeoplePetProject" */;
			buildPhases = (
				36808F70867F158C323D2440 /* [CP] Check Pods Manifest.lock */,
				692ED2BF1FDA75BE00DC9B39 /* Sources */,
				692ED2C01FDA75BE00DC9B39 /* Frameworks */,
				692ED2C11FDA75BE00DC9B39 /* Resources */,
				E32DB7007819F650C3D88AC4 /* [CP] Embed Pods Frameworks */,
				4D46DAE61F4981ED1359E235 /* [CP] Copy Pods Resources */,
			);
			buildRules = (
			);
			dependencies = (
			);
			name = PeoplePetProject;
			productName = PeoplePetProject;
			productReference = 692ED2C31FDA75BE00DC9B39 /* PeoplePetProject.app */;
			productType = "com.apple.product-type.application";
		};
		692ED2D61FDA75BE00DC9B39 /* PeoplePetProjectTests */ = {
			isa = PBXNativeTarget;
			buildConfigurationList = 692ED2EE1FDA75BE00DC9B39 /* Build configuration list for PBXNativeTarget "PeoplePetProjectTests" */;
			buildPhases = (
				B3C2F6BC489AA6AE6EE486CF /* [CP] Check Pods Manifest.lock */,
				692ED2D31FDA75BE00DC9B39 /* Sources */,
				692ED2D41FDA75BE00DC9B39 /* Frameworks */,
				692ED2D51FDA75BE00DC9B39 /* Resources */,
				21738183B4B4A0E7A99C49D5 /* [CP] Embed Pods Frameworks */,
				5DE89AB0EF620B5DC1AC258D /* [CP] Copy Pods Resources */,
			);
			buildRules = (
			);
			dependencies = (
				692ED2D91FDA75BE00DC9B39 /* PBXTargetDependency */,
			);
			name = PeoplePetProjectTests;
			productName = PeoplePetProjectTests;
			productReference = 692ED2D71FDA75BE00DC9B39 /* PeoplePetProjectTests.xctest */;
			productType = "com.apple.product-type.bundle.unit-test";
		};
		692ED2E11FDA75BE00DC9B39 /* PeoplePetProjectUITests */ = {
			isa = PBXNativeTarget;
			buildConfigurationList = 692ED2F11FDA75BE00DC9B39 /* Build configuration list for PBXNativeTarget "PeoplePetProjectUITests" */;
			buildPhases = (
				31E454EE947F487C5BCEBBD7 /* [CP] Check Pods Manifest.lock */,
				692ED2DE1FDA75BE00DC9B39 /* Sources */,
				692ED2DF1FDA75BE00DC9B39 /* Frameworks */,
				692ED2E01FDA75BE00DC9B39 /* Resources */,
				71A7871F012F05A07B4D2501 /* [CP] Embed Pods Frameworks */,
				A8A8D5048C575FA61FB13F59 /* [CP] Copy Pods Resources */,
			);
			buildRules = (
			);
			dependencies = (
				692ED2E41FDA75BE00DC9B39 /* PBXTargetDependency */,
			);
			name = PeoplePetProjectUITests;
			productName = PeoplePetProjectUITests;
			productReference = 692ED2E21FDA75BE00DC9B39 /* PeoplePetProjectUITests.xctest */;
			productType = "com.apple.product-type.bundle.ui-testing";
		};
/* End PBXNativeTarget section */

/* Begin PBXProject section */
		692ED2BB1FDA75BE00DC9B39 /* Project object */ = {
			isa = PBXProject;
			attributes = {
				LastSwiftUpdateCheck = 0900;
				LastUpgradeCheck = 0900;
				ORGANIZATIONNAME = "Shefali Mistry";
				TargetAttributes = {
					692ED2C21FDA75BE00DC9B39 = {
						CreatedOnToolsVersion = 9.0;
						ProvisioningStyle = Automatic;
					};
					692ED2D61FDA75BE00DC9B39 = {
						CreatedOnToolsVersion = 9.0;
						ProvisioningStyle = Automatic;
						TestTargetID = 692ED2C21FDA75BE00DC9B39;
					};
					692ED2E11FDA75BE00DC9B39 = {
						CreatedOnToolsVersion = 9.0;
						ProvisioningStyle = Automatic;
						TestTargetID = 692ED2C21FDA75BE00DC9B39;
					};
				};
			};
			buildConfigurationList = 692ED2BE1FDA75BE00DC9B39 /* Build configuration list for PBXProject "PeoplePetProject" */;
			compatibilityVersion = "Xcode 8.0";
			developmentRegion = en;
			hasScannedForEncodings = 0;
			knownRegions = (
				en,
				Base,
			);
			mainGroup = 692ED2BA1FDA75BE00DC9B39;
			productRefGroup = 692ED2C41FDA75BE00DC9B39 /* Products */;
			projectDirPath = "";
			projectRoot = "";
			targets = (
				692ED2C21FDA75BE00DC9B39 /* PeoplePetProject */,
				692ED2D61FDA75BE00DC9B39 /* PeoplePetProjectTests */,
				692ED2E11FDA75BE00DC9B39 /* PeoplePetProjectUITests */,
			);
		};
/* End PBXProject section */

/* Begin PBXResourcesBuildPhase section */
		692ED2C11FDA75BE00DC9B39 /* Resources */ = {
			isa = PBXResourcesBuildPhase;
			buildActionMask = 2147483647;
			files = (
				692ED2D11FDA75BE00DC9B39 /* LaunchScreen.storyboard in Resources */,
				692ED2CE1FDA75BE00DC9B39 /* Assets.xcassets in Resources */,
				692ED2CC1FDA75BE00DC9B39 /* Main.storyboard in Resources */,
			);
			runOnlyForDeploymentPostprocessing = 0;
		};
		692ED2D51FDA75BE00DC9B39 /* Resources */ = {
			isa = PBXResourcesBuildPhase;
			buildActionMask = 2147483647;
			files = (
			);
			runOnlyForDeploymentPostprocessing = 0;
		};
		692ED2E01FDA75BE00DC9B39 /* Resources */ = {
			isa = PBXResourcesBuildPhase;
			buildActionMask = 2147483647;
			files = (
			);
			runOnlyForDeploymentPostprocessing = 0;
		};
/* End PBXResourcesBuildPhase section */

/* Begin PBXShellScriptBuildPhase section */
		21738183B4B4A0E7A99C49D5 /* [CP] Embed Pods Frameworks */ = {
			isa = PBXShellScriptBuildPhase;
			buildActionMask = 2147483647;
			files = (
			);
			inputPaths = (
			);
			name = "[CP] Embed Pods Frameworks";
			outputPaths = (
			);
			runOnlyForDeploymentPostprocessing = 0;
			shellPath = /bin/sh;
			shellScript = "\"${SRCROOT}/Pods/Target Support Files/Pods-PeoplePetProjectTests/Pods-PeoplePetProjectTests-frameworks.sh\"\n";
			showEnvVarsInLog = 0;
		};
		31E454EE947F487C5BCEBBD7 /* [CP] Check Pods Manifest.lock */ = {
			isa = PBXShellScriptBuildPhase;
			buildActionMask = 2147483647;
			files = (
			);
			inputPaths = (
				"${PODS_PODFILE_DIR_PATH}/Podfile.lock",
				"${PODS_ROOT}/Manifest.lock",
			);
			name = "[CP] Check Pods Manifest.lock";
			outputPaths = (
				"$(DERIVED_FILE_DIR)/Pods-PeoplePetProjectUITests-checkManifestLockResult.txt",
			);
			runOnlyForDeploymentPostprocessing = 0;
			shellPath = /bin/sh;
			shellScript = "diff \"${PODS_PODFILE_DIR_PATH}/Podfile.lock\" \"${PODS_ROOT}/Manifest.lock\" > /dev/null\nif [ $? != 0 ] ; then\n    # print error to STDERR\n    echo \"error: The sandbox is not in sync with the Podfile.lock. Run 'pod install' or update your CocoaPods installation.\" >&2\n    exit 1\nfi\n# This output is used by Xcode 'outputs' to avoid re-running this script phase.\necho \"SUCCESS\" > \"${SCRIPT_OUTPUT_FILE_0}\"\n";
			showEnvVarsInLog = 0;
		};
		36808F70867F158C323D2440 /* [CP] Check Pods Manifest.lock */ = {
			isa = PBXShellScriptBuildPhase;
			buildActionMask = 2147483647;
			files = (
			);
			inputPaths = (
				"${PODS_PODFILE_DIR_PATH}/Podfile.lock",
				"${PODS_ROOT}/Manifest.lock",
			);
			name = "[CP] Check Pods Manifest.lock";
			outputPaths = (
				"$(DERIVED_FILE_DIR)/Pods-PeoplePetProject-checkManifestLockResult.txt",
			);
			runOnlyForDeploymentPostprocessing = 0;
			shellPath = /bin/sh;
			shellScript = "diff \"${PODS_PODFILE_DIR_PATH}/Podfile.lock\" \"${PODS_ROOT}/Manifest.lock\" > /dev/null\nif [ $? != 0 ] ; then\n    # print error to STDERR\n    echo \"error: The sandbox is not in sync with the Podfile.lock. Run 'pod install' or update your CocoaPods installation.\" >&2\n    exit 1\nfi\n# This output is used by Xcode 'outputs' to avoid re-running this script phase.\necho \"SUCCESS\" > \"${SCRIPT_OUTPUT_FILE_0}\"\n";
			showEnvVarsInLog = 0;
		};
		4D46DAE61F4981ED1359E235 /* [CP] Copy Pods Resources */ = {
			isa = PBXShellScriptBuildPhase;
			buildActionMask = 2147483647;
			files = (
			);
			inputPaths = (
			);
			name = "[CP] Copy Pods Resources";
			outputPaths = (
			);
			runOnlyForDeploymentPostprocessing = 0;
			shellPath = /bin/sh;
			shellScript = "\"${SRCROOT}/Pods/Target Support Files/Pods-PeoplePetProject/Pods-PeoplePetProject-resources.sh\"\n";
			showEnvVarsInLog = 0;
		};
		5DE89AB0EF620B5DC1AC258D /* [CP] Copy Pods Resources */ = {
			isa = PBXShellScriptBuildPhase;
			buildActionMask = 2147483647;
			files = (
			);
			inputPaths = (
			);
			name = "[CP] Copy Pods Resources";
			outputPaths = (
			);
			runOnlyForDeploymentPostprocessing = 0;
			shellPath = /bin/sh;
			shellScript = "\"${SRCROOT}/Pods/Target Support Files/Pods-PeoplePetProjectTests/Pods-PeoplePetProjectTests-resources.sh\"\n";
			showEnvVarsInLog = 0;
		};
		71A7871F012F05A07B4D2501 /* [CP] Embed Pods Frameworks */ = {
			isa = PBXShellScriptBuildPhase;
			buildActionMask = 2147483647;
			files = (
			);
			inputPaths = (
			);
			name = "[CP] Embed Pods Frameworks";
			outputPaths = (
			);
			runOnlyForDeploymentPostprocessing = 0;
			shellPath = /bin/sh;
			shellScript = "\"${SRCROOT}/Pods/Target Support Files/Pods-PeoplePetProjectUITests/Pods-PeoplePetProjectUITests-frameworks.sh\"\n";
			showEnvVarsInLog = 0;
		};
		A8A8D5048C575FA61FB13F59 /* [CP] Copy Pods Resources */ = {
			isa = PBXShellScriptBuildPhase;
			buildActionMask = 2147483647;
			files = (
			);
			inputPaths = (
			);
			name = "[CP] Copy Pods Resources";
			outputPaths = (
			);
			runOnlyForDeploymentPostprocessing = 0;
			shellPath = /bin/sh;
			shellScript = "\"${SRCROOT}/Pods/Target Support Files/Pods-PeoplePetProjectUITests/Pods-PeoplePetProjectUITests-resources.sh\"\n";
			showEnvVarsInLog = 0;
		};
		B3C2F6BC489AA6AE6EE486CF /* [CP] Check Pods Manifest.lock */ = {
			isa = PBXShellScriptBuildPhase;
			buildActionMask = 2147483647;
			files = (
			);
			inputPaths = (
				"${PODS_PODFILE_DIR_PATH}/Podfile.lock",
				"${PODS_ROOT}/Manifest.lock",
			);
			name = "[CP] Check Pods Manifest.lock";
			outputPaths = (
				"$(DERIVED_FILE_DIR)/Pods-PeoplePetProjectTests-checkManifestLockResult.txt",
			);
			runOnlyForDeploymentPostprocessing = 0;
			shellPath = /bin/sh;
			shellScript = "diff \"${PODS_PODFILE_DIR_PATH}/Podfile.lock\" \"${PODS_ROOT}/Manifest.lock\" > /dev/null\nif [ $? != 0 ] ; then\n    # print error to STDERR\n    echo \"error: The sandbox is not in sync with the Podfile.lock. Run 'pod install' or update your CocoaPods installation.\" >&2\n    exit 1\nfi\n# This output is used by Xcode 'outputs' to avoid re-running this script phase.\necho \"SUCCESS\" > \"${SCRIPT_OUTPUT_FILE_0}\"\n";
			showEnvVarsInLog = 0;
		};
		E32DB7007819F650C3D88AC4 /* [CP] Embed Pods Frameworks */ = {
			isa = PBXShellScriptBuildPhase;
			buildActionMask = 2147483647;
			files = (
			);
			inputPaths = (
				"${SRCROOT}/Pods/Target Support Files/Pods-PeoplePetProject/Pods-PeoplePetProject-frameworks.sh",
				"${BUILT_PRODUCTS_DIR}/Alamofire/Alamofire.framework",
				"${BUILT_PRODUCTS_DIR}/SwaggerClient/SwaggerClient.framework",
			);
			name = "[CP] Embed Pods Frameworks";
			outputPaths = (
				"${TARGET_BUILD_DIR}/${FRAMEWORKS_FOLDER_PATH}/Alamofire.framework",
				"${TARGET_BUILD_DIR}/${FRAMEWORKS_FOLDER_PATH}/SwaggerClient.framework",
			);
			runOnlyForDeploymentPostprocessing = 0;
			shellPath = /bin/sh;
			shellScript = "\"${SRCROOT}/Pods/Target Support Files/Pods-PeoplePetProject/Pods-PeoplePetProject-frameworks.sh\"\n";
			showEnvVarsInLog = 0;
		};
/* End PBXShellScriptBuildPhase section */

/* Begin PBXSourcesBuildPhase section */
		692ED2BF1FDA75BE00DC9B39 /* Sources */ = {
			isa = PBXSourcesBuildPhase;
			buildActionMask = 2147483647;
			files = (
				692ED2C91FDA75BE00DC9B39 /* ViewController.swift in Sources */,
				692ED2C71FDA75BE00DC9B39 /* AppDelegate.swift in Sources */,
			);
			runOnlyForDeploymentPostprocessing = 0;
		};
		692ED2D31FDA75BE00DC9B39 /* Sources */ = {
			isa = PBXSourcesBuildPhase;
			buildActionMask = 2147483647;
			files = (
				692ED2DC1FDA75BE00DC9B39 /* PeoplePetProjectTests.swift in Sources */,
			);
			runOnlyForDeploymentPostprocessing = 0;
		};
		692ED2DE1FDA75BE00DC9B39 /* Sources */ = {
			isa = PBXSourcesBuildPhase;
			buildActionMask = 2147483647;
			files = (
				692ED2E71FDA75BE00DC9B39 /* PeoplePetProjectUITests.swift in Sources */,
			);
			runOnlyForDeploymentPostprocessing = 0;
		};
/* End PBXSourcesBuildPhase section */

/* Begin PBXTargetDependency section */
		692ED2D91FDA75BE00DC9B39 /* PBXTargetDependency */ = {
			isa = PBXTargetDependency;
			target = 692ED2C21FDA75BE00DC9B39 /* PeoplePetProject */;
			targetProxy = 692ED2D81FDA75BE00DC9B39 /* PBXContainerItemProxy */;
		};
		692ED2E41FDA75BE00DC9B39 /* PBXTargetDependency */ = {
			isa = PBXTargetDependency;
			target = 692ED2C21FDA75BE00DC9B39 /* PeoplePetProject */;
			targetProxy = 692ED2E31FDA75BE00DC9B39 /* PBXContainerItemProxy */;
		};
/* End PBXTargetDependency section */

/* Begin PBXVariantGroup section */
		692ED2CA1FDA75BE00DC9B39 /* Main.storyboard */ = {
			isa = PBXVariantGroup;
			children = (
				692ED2CB1FDA75BE00DC9B39 /* Base */,
			);
			name = Main.storyboard;
			sourceTree = "<group>";
		};
		692ED2CF1FDA75BE00DC9B39 /* LaunchScreen.storyboard */ = {
			isa = PBXVariantGroup;
			children = (
				692ED2D01FDA75BE00DC9B39 /* Base */,
			);
			name = LaunchScreen.storyboard;
			sourceTree = "<group>";
		};
/* End PBXVariantGroup section */

/* Begin XCBuildConfiguration section */
		692ED2E91FDA75BE00DC9B39 /* Debug */ = {
			isa = XCBuildConfiguration;
			buildSettings = {
				ALWAYS_SEARCH_USER_PATHS = NO;
				CLANG_ANALYZER_NONNULL = YES;
				CLANG_ANALYZER_NUMBER_OBJECT_CONVERSION = YES_AGGRESSIVE;
				CLANG_CXX_LANGUAGE_STANDARD = "gnu++14";
				CLANG_CXX_LIBRARY = "libc++";
				CLANG_ENABLE_MODULES = YES;
				CLANG_ENABLE_OBJC_ARC = YES;
				CLANG_WARN_BLOCK_CAPTURE_AUTORELEASING = YES;
				CLANG_WARN_BOOL_CONVERSION = YES;
				CLANG_WARN_COMMA = YES;
				CLANG_WARN_CONSTANT_CONVERSION = YES;
				CLANG_WARN_DIRECT_OBJC_ISA_USAGE = YES_ERROR;
				CLANG_WARN_DOCUMENTATION_COMMENTS = YES;
				CLANG_WARN_EMPTY_BODY = YES;
				CLANG_WARN_ENUM_CONVERSION = YES;
				CLANG_WARN_INFINITE_RECURSION = YES;
				CLANG_WARN_INT_CONVERSION = YES;
				CLANG_WARN_NON_LITERAL_NULL_CONVERSION = YES;
				CLANG_WARN_OBJC_LITERAL_CONVERSION = YES;
				CLANG_WARN_OBJC_ROOT_CLASS = YES_ERROR;
				CLANG_WARN_RANGE_LOOP_ANALYSIS = YES;
				CLANG_WARN_STRICT_PROTOTYPES = YES;
				CLANG_WARN_SUSPICIOUS_MOVE = YES;
				CLANG_WARN_UNGUARDED_AVAILABILITY = YES_AGGRESSIVE;
				CLANG_WARN_UNREACHABLE_CODE = YES;
				CLANG_WARN__DUPLICATE_METHOD_MATCH = YES;
				CODE_SIGN_IDENTITY = "iPhone Developer";
				COPY_PHASE_STRIP = NO;
				DEBUG_INFORMATION_FORMAT = dwarf;
				ENABLE_STRICT_OBJC_MSGSEND = YES;
				ENABLE_TESTABILITY = YES;
				GCC_C_LANGUAGE_STANDARD = gnu11;
				GCC_DYNAMIC_NO_PIC = NO;
				GCC_NO_COMMON_BLOCKS = YES;
				GCC_OPTIMIZATION_LEVEL = 0;
				GCC_PREPROCESSOR_DEFINITIONS = (
					"DEBUG=1",
					"$(inherited)",
				);
				GCC_WARN_64_TO_32_BIT_CONVERSION = YES;
				GCC_WARN_ABOUT_RETURN_TYPE = YES_ERROR;
				GCC_WARN_UNDECLARED_SELECTOR = YES;
				GCC_WARN_UNINITIALIZED_AUTOS = YES_AGGRESSIVE;
				GCC_WARN_UNUSED_FUNCTION = YES;
				GCC_WARN_UNUSED_VARIABLE = YES;
				IPHONEOS_DEPLOYMENT_TARGET = 11.0;
				MTL_ENABLE_DEBUG_INFO = YES;
				ONLY_ACTIVE_ARCH = YES;
				SDKROOT = iphoneos;
				SWIFT_ACTIVE_COMPILATION_CONDITIONS = DEBUG;
				SWIFT_OPTIMIZATION_LEVEL = "-Onone";
			};
			name = Debug;
		};
		692ED2EA1FDA75BE00DC9B39 /* Release */ = {
			isa = XCBuildConfiguration;
			buildSettings = {
				ALWAYS_SEARCH_USER_PATHS = NO;
				CLANG_ANALYZER_NONNULL = YES;
				CLANG_ANALYZER_NUMBER_OBJECT_CONVERSION = YES_AGGRESSIVE;
				CLANG_CXX_LANGUAGE_STANDARD = "gnu++14";
				CLANG_CXX_LIBRARY = "libc++";
				CLANG_ENABLE_MODULES = YES;
				CLANG_ENABLE_OBJC_ARC = YES;
				CLANG_WARN_BLOCK_CAPTURE_AUTORELEASING = YES;
				CLANG_WARN_BOOL_CONVERSION = YES;
				CLANG_WARN_COMMA = YES;
				CLANG_WARN_CONSTANT_CONVERSION = YES;
				CLANG_WARN_DIRECT_OBJC_ISA_USAGE = YES_ERROR;
				CLANG_WARN_DOCUMENTATION_COMMENTS = YES;
				CLANG_WARN_EMPTY_BODY = YES;
				CLANG_WARN_ENUM_CONVERSION = YES;
				CLANG_WARN_INFINITE_RECURSION = YES;
				CLANG_WARN_INT_CONVERSION = YES;
				CLANG_WARN_NON_LITERAL_NULL_CONVERSION = YES;
				CLANG_WARN_OBJC_LITERAL_CONVERSION = YES;
				CLANG_WARN_OBJC_ROOT_CLASS = YES_ERROR;
				CLANG_WARN_RANGE_LOOP_ANALYSIS = YES;
				CLANG_WARN_STRICT_PROTOTYPES = YES;
				CLANG_WARN_SUSPICIOUS_MOVE = YES;
				CLANG_WARN_UNGUARDED_AVAILABILITY = YES_AGGRESSIVE;
				CLANG_WARN_UNREACHABLE_CODE = YES;
				CLANG_WARN__DUPLICATE_METHOD_MATCH = YES;
				CODE_SIGN_IDENTITY = "iPhone Developer";
				COPY_PHASE_STRIP = NO;
				DEBUG_INFORMATION_FORMAT = "dwarf-with-dsym";
				ENABLE_NS_ASSERTIONS = NO;
				ENABLE_STRICT_OBJC_MSGSEND = YES;
				GCC_C_LANGUAGE_STANDARD = gnu11;
				GCC_NO_COMMON_BLOCKS = YES;
				GCC_WARN_64_TO_32_BIT_CONVERSION = YES;
				GCC_WARN_ABOUT_RETURN_TYPE = YES_ERROR;
				GCC_WARN_UNDECLARED_SELECTOR = YES;
				GCC_WARN_UNINITIALIZED_AUTOS = YES_AGGRESSIVE;
				GCC_WARN_UNUSED_FUNCTION = YES;
				GCC_WARN_UNUSED_VARIABLE = YES;
				IPHONEOS_DEPLOYMENT_TARGET = 11.0;
				MTL_ENABLE_DEBUG_INFO = NO;
				SDKROOT = iphoneos;
				SWIFT_OPTIMIZATION_LEVEL = "-Owholemodule";
				VALIDATE_PRODUCT = YES;
			};
			name = Release;
		};
		692ED2EC1FDA75BE00DC9B39 /* Debug */ = {
			isa = XCBuildConfiguration;
			baseConfigurationReference = 7D2C15B0362899444B959821 /* Pods-PeoplePetProject.debug.xcconfig */;
			buildSettings = {
				ASSETCATALOG_COMPILER_APPICON_NAME = AppIcon;
				CODE_SIGN_STYLE = Automatic;
				INFOPLIST_FILE = PeoplePetProject/Info.plist;
				LD_RUNPATH_SEARCH_PATHS = "$(inherited) @executable_path/Frameworks";
				PRODUCT_BUNDLE_IDENTIFIER = com.shefaliMistry.PeoplePetProject;
				PRODUCT_NAME = "$(TARGET_NAME)";
				SWIFT_VERSION = 4.0;
				TARGETED_DEVICE_FAMILY = "1,2";
			};
			name = Debug;
		};
		692ED2ED1FDA75BE00DC9B39 /* Release */ = {
			isa = XCBuildConfiguration;
			baseConfigurationReference = 0F872E429FFF962E456531B0 /* Pods-PeoplePetProject.release.xcconfig */;
			buildSettings = {
				ASSETCATALOG_COMPILER_APPICON_NAME = AppIcon;
				CODE_SIGN_STYLE = Automatic;
				INFOPLIST_FILE = PeoplePetProject/Info.plist;
				LD_RUNPATH_SEARCH_PATHS = "$(inherited) @executable_path/Frameworks";
				PRODUCT_BUNDLE_IDENTIFIER = com.shefaliMistry.PeoplePetProject;
				PRODUCT_NAME = "$(TARGET_NAME)";
				SWIFT_VERSION = 4.0;
				TARGETED_DEVICE_FAMILY = "1,2";
			};
			name = Release;
		};
		692ED2EF1FDA75BE00DC9B39 /* Debug */ = {
			isa = XCBuildConfiguration;
			baseConfigurationReference = 24DB87C6C7666E96509BBFC5 /* Pods-PeoplePetProjectTests.debug.xcconfig */;
			buildSettings = {
				ALWAYS_EMBED_SWIFT_STANDARD_LIBRARIES = YES;
				BUNDLE_LOADER = "$(TEST_HOST)";
				CODE_SIGN_STYLE = Automatic;
				INFOPLIST_FILE = PeoplePetProjectTests/Info.plist;
				LD_RUNPATH_SEARCH_PATHS = "$(inherited) @executable_path/Frameworks @loader_path/Frameworks";
				PRODUCT_BUNDLE_IDENTIFIER = com.shefaliMistry.PeoplePetProjectTests;
				PRODUCT_NAME = "$(TARGET_NAME)";
				SWIFT_VERSION = 4.0;
				TARGETED_DEVICE_FAMILY = "1,2";
				TEST_HOST = "$(BUILT_PRODUCTS_DIR)/PeoplePetProject.app/PeoplePetProject";
			};
			name = Debug;
		};
		692ED2F01FDA75BE00DC9B39 /* Release */ = {
			isa = XCBuildConfiguration;
			baseConfigurationReference = E178CC62C9E16AB4766C749D /* Pods-PeoplePetProjectTests.release.xcconfig */;
			buildSettings = {
				ALWAYS_EMBED_SWIFT_STANDARD_LIBRARIES = YES;
				BUNDLE_LOADER = "$(TEST_HOST)";
				CODE_SIGN_STYLE = Automatic;
				INFOPLIST_FILE = PeoplePetProjectTests/Info.plist;
				LD_RUNPATH_SEARCH_PATHS = "$(inherited) @executable_path/Frameworks @loader_path/Frameworks";
				PRODUCT_BUNDLE_IDENTIFIER = com.shefaliMistry.PeoplePetProjectTests;
				PRODUCT_NAME = "$(TARGET_NAME)";
				SWIFT_VERSION = 4.0;
				TARGETED_DEVICE_FAMILY = "1,2";
				TEST_HOST = "$(BUILT_PRODUCTS_DIR)/PeoplePetProject.app/PeoplePetProject";
			};
			name = Release;
		};
		692ED2F21FDA75BE00DC9B39 /* Debug */ = {
			isa = XCBuildConfiguration;
			baseConfigurationReference = 380E41D040AE6E0D940FDA12 /* Pods-PeoplePetProjectUITests.debug.xcconfig */;
			buildSettings = {
				ALWAYS_EMBED_SWIFT_STANDARD_LIBRARIES = YES;
				CODE_SIGN_STYLE = Automatic;
				INFOPLIST_FILE = PeoplePetProjectUITests/Info.plist;
				LD_RUNPATH_SEARCH_PATHS = "$(inherited) @executable_path/Frameworks @loader_path/Frameworks";
				PRODUCT_BUNDLE_IDENTIFIER = com.shefaliMistry.PeoplePetProjectUITests;
				PRODUCT_NAME = "$(TARGET_NAME)";
				SWIFT_VERSION = 4.0;
				TARGETED_DEVICE_FAMILY = "1,2";
				TEST_TARGET_NAME = PeoplePetProject;
			};
			name = Debug;
		};
		692ED2F31FDA75BE00DC9B39 /* Release */ = {
			isa = XCBuildConfiguration;
			baseConfigurationReference = 6B5D752BA1EA0B6A31D174E9 /* Pods-PeoplePetProjectUITests.release.xcconfig */;
			buildSettings = {
				ALWAYS_EMBED_SWIFT_STANDARD_LIBRARIES = YES;
				CODE_SIGN_STYLE = Automatic;
				INFOPLIST_FILE = PeoplePetProjectUITests/Info.plist;
				LD_RUNPATH_SEARCH_PATHS = "$(inherited) @executable_path/Frameworks @loader_path/Frameworks";
				PRODUCT_BUNDLE_IDENTIFIER = com.shefaliMistry.PeoplePetProjectUITests;
				PRODUCT_NAME = "$(TARGET_NAME)";
				SWIFT_VERSION = 4.0;
				TARGETED_DEVICE_FAMILY = "1,2";
				TEST_TARGET_NAME = PeoplePetProject;
			};
			name = Release;
		};
/* End XCBuildConfiguration section */

/* Begin XCConfigurationList section */
		692ED2BE1FDA75BE00DC9B39 /* Build configuration list for PBXProject "PeoplePetProject" */ = {
			isa = XCConfigurationList;
			buildConfigurations = (
				692ED2E91FDA75BE00DC9B39 /* Debug */,
				692ED2EA1FDA75BE00DC9B39 /* Release */,
			);
			defaultConfigurationIsVisible = 0;
			defaultConfigurationName = Release;
		};
		692ED2EB1FDA75BE00DC9B39 /* Build configuration list for PBXNativeTarget "PeoplePetProject" */ = {
			isa = XCConfigurationList;
			buildConfigurations = (
				692ED2EC1FDA75BE00DC9B39 /* Debug */,
				692ED2ED1FDA75BE00DC9B39 /* Release */,
			);
			defaultConfigurationIsVisible = 0;
			defaultConfigurationName = Release;
		};
		692ED2EE1FDA75BE00DC9B39 /* Build configuration list for PBXNativeTarget "PeoplePetProjectTests" */ = {
			isa = XCConfigurationList;
			buildConfigurations = (
				692ED2EF1FDA75BE00DC9B39 /* Debug */,
				692ED2F01FDA75BE00DC9B39 /* Release */,
			);
			defaultConfigurationIsVisible = 0;
			defaultConfigurationName = Release;
		};
		692ED2F11FDA75BE00DC9B39 /* Build configuration list for PBXNativeTarget "PeoplePetProjectUITests" */ = {
			isa = XCConfigurationList;
			buildConfigurations = (
				692ED2F21FDA75BE00DC9B39 /* Debug */,
				692ED2F31FDA75BE00DC9B39 /* Release */,
			);
			defaultConfigurationIsVisible = 0;
			defaultConfigurationName = Release;
		};
/* End XCConfigurationList section */
	};
	rootObject = 692ED2BB1FDA75BE00DC9B39 /* Project object */;
}
